
Microsoft Visual Studio Solution File, Format Version 12.00
# Visual Studio Version 17
VisualStudioVersion = 17.4.33213.308
MinimumVisualStudioVersion = 10.0.40219.1
Project("{FAE04EC0-301F-11D3-BF4B-00C04F79EFBC}") = "P01WebApi", "P01WebApi\P01WebApi.csproj", "{B3FCF07B-95E3-4DB1-BA13-1B770C8DFCC9}"
EndProject
Global
	GlobalSection(SolutionConfigurationPlatforms) = preSolution
		Debug|Any CPU = Debug|Any CPU
		Release|Any CPU = Release|Any CPU
	EndGlobalSection
	GlobalSection(ProjectConfigurationPlatforms) = postSolution
		{B3FCF07B-95E3-4DB1-BA13-1B770C8DFCC9}.Debug|Any CPU.ActiveCfg = Debug|Any CPU
		{B3FCF07B-95E3-4DB1-BA13-1B770C8DFCC9}.Debug|Any CPU.Build.0 = Debug|Any CPU
		{B3FCF07B-95E3-4DB1-BA13-1B770C8DFCC9}.Release|Any CPU.ActiveCfg = Release|Any CPU
		{B3FCF07B-95E3-4DB1-BA13-1B770C8DFCC9}.Release|Any CPU.Build.0 = Release|Any CPU
	EndGlobalSection
	GlobalSection(SolutionProperties) = preSolution
		HideSolutionNode = FALSE
	EndGlobalSection
	GlobalSection(ExtensibilityGlobals) = postSolution
		SolutionGuid = {4F453C22-99E9-44DB-9E2A-18FB1B4FF9BA}
	EndGlobalSection
EndGlobal
